
Microsoft Visual Studio Solution File, Format Version 12.00
# Visual Studio Version 17
VisualStudioVersion = 17.4.33205.214
MinimumVisualStudioVersion = 10.0.40219.1
Project("{FAE04EC0-301F-11D3-BF4B-00C04F79EFBC}") = "PhotoService", "PhotoService\PhotoService.csproj", "{0D11CAF8-DC35-4160-8E63-3DF796770D98}"
EndProject
Global
	GlobalSection(SolutionConfigurationPlatforms) = preSolution
		Debug|Any CPU = Debug|Any CPU
		Release|Any CPU = Release|Any CPU
	EndGlobalSection
	GlobalSection(ProjectConfigurationPlatforms) = postSolution
		{0D11CAF8-DC35-4160-8E63-3DF796770D98}.Debug|Any CPU.ActiveCfg = Debug|Any CPU
		{0D11CAF8-DC35-4160-8E63-3DF796770D98}.Debug|Any CPU.Build.0 = Debug|Any CPU
		{0D11CAF8-DC35-4160-8E63-3DF796770D98}.Release|Any CPU.ActiveCfg = Release|Any CPU
		{0D11CAF8-DC35-4160-8E63-3DF796770D98}.Release|Any CPU.Build.0 = Release|Any CPU
	EndGlobalSection
	GlobalSection(SolutionProperties) = preSolution
		HideSolutionNode = FALSE
	EndGlobalSection
	GlobalSection(ExtensibilityGlobals) = postSolution
		SolutionGuid = {D450DC5D-A9C6-4970-9617-84B2EE47C2E2}
	EndGlobalSection
EndGlobal
